
Microsoft Visual Studio Solution File, Format Version 12.00
# Visual Studio Version 17
VisualStudioVersion = 17.8.34330.188
MinimumVisualStudioVersion = 10.0.40219.1
Project("{FAE04EC0-301F-11D3-BF4B-00C04F79EFBC}") = "Csharp-ColorBot", "Csharp-ColorBot.csproj", "{A0CDFBD0-FC28-4F57-8B37-D38019CEC869}"
EndProject
Global
	GlobalSection(SolutionConfigurationPlatforms) = preSolution
		Debug|Any CPU = Debug|Any CPU
		Release|Any CPU = Release|Any CPU
	EndGlobalSection
	GlobalSection(ProjectConfigurationPlatforms) = postSolution
		{A0CDFBD0-FC28-4F57-8B37-D38019CEC869}.Debug|Any CPU.ActiveCfg = Debug|Any CPU
		{A0CDFBD0-FC28-4F57-8B37-D38019CEC869}.Debug|Any CPU.Build.0 = Debug|Any CPU
		{A0CDFBD0-FC28-4F57-8B37-D38019CEC869}.Release|Any CPU.ActiveCfg = Release|Any CPU
		{A0CDFBD0-FC28-4F57-8B37-D38019CEC869}.Release|Any CPU.Build.0 = Release|Any CPU
	EndGlobalSection
	GlobalSection(SolutionProperties) = preSolution
		HideSolutionNode = FALSE
	EndGlobalSection
	GlobalSection(ExtensibilityGlobals) = postSolution
		SolutionGuid = {C0EA4197-ACB9-4948-9CEF-EC8C5C0C370A}
	EndGlobalSection
EndGlobal
